
Microsoft Visual Studio Solution File, Format Version 12.00
# Visual Studio Version 17
VisualStudioVersion = 17.4.33205.214
MinimumVisualStudioVersion = 10.0.40219.1
Project("{FAE04EC0-301F-11D3-BF4B-00C04F79EFBC}") = "GymManager.UI", "GymManager.UI\GymManager.UI.csproj", "{8B522BED-6C29-44B1-B414-72CBB50ECF68}"
EndProject
Global
	GlobalSection(SolutionConfigurationPlatforms) = preSolution
		Debug|Any CPU = Debug|Any CPU
		Release|Any CPU = Release|Any CPU
	EndGlobalSection
	GlobalSection(ProjectConfigurationPlatforms) = postSolution
		{8B522BED-6C29-44B1-B414-72CBB50ECF68}.Debug|Any CPU.ActiveCfg = Debug|Any CPU
		{8B522BED-6C29-44B1-B414-72CBB50ECF68}.Debug|Any CPU.Build.0 = Debug|Any CPU
		{8B522BED-6C29-44B1-B414-72CBB50ECF68}.Release|Any CPU.ActiveCfg = Release|Any CPU
		{8B522BED-6C29-44B1-B414-72CBB50ECF68}.Release|Any CPU.Build.0 = Release|Any CPU
	EndGlobalSection
	GlobalSection(SolutionProperties) = preSolution
		HideSolutionNode = FALSE
	EndGlobalSection
	GlobalSection(ExtensibilityGlobals) = postSolution
		SolutionGuid = {BFF8B860-0DEF-448F-BA68-EAAB11AC0693}
	EndGlobalSection
EndGlobal
